
Microsoft Visual Studio Solution File, Format Version 12.00
Project("{FAE04EC0-301F-11D3-BF4B-00C04F79EFBC}") = "NoteBoard", "NoteBoard\NoteBoard.csproj", "{146062BC-CE9E-4F55-9455-5454DE9E8B9C}"
EndProject
Global
	GlobalSection(SolutionConfigurationPlatforms) = preSolution
		Debug|Any CPU = Debug|Any CPU
		Release|Any CPU = Release|Any CPU
	EndGlobalSection
	GlobalSection(ProjectConfigurationPlatforms) = postSolution
		{146062BC-CE9E-4F55-9455-5454DE9E8B9C}.Debug|Any CPU.ActiveCfg = Debug|Any CPU
		{146062BC-CE9E-4F55-9455-5454DE9E8B9C}.Debug|Any CPU.Build.0 = Debug|Any CPU
		{146062BC-CE9E-4F55-9455-5454DE9E8B9C}.Release|Any CPU.ActiveCfg = Release|Any CPU
		{146062BC-CE9E-4F55-9455-5454DE9E8B9C}.Release|Any CPU.Build.0 = Release|Any CPU
	EndGlobalSection
EndGlobal
